// !$*UTF8*$!
{
	archiveVersion = 1;
	classes = {
	};
	objectVersion = 48;
	objects = {

/* Begin PBXBuildFile section */
		BD0117ED20842DF700069899 /* text.cc in Sources */ = {isa = PBXBuildFile; fileRef = BD0117EB20842DF700069899 /* text.cc */; };
		BD34960721AF409700F4C000 /* libglfw.3.3.dylib in Frameworks */ = {isa = PBXBuildFile; fileRef = BD34960621AF409700F4C000 /* libglfw.3.3.dylib */; };
		BD34960821AF40A300F4C000 /* libglfw.3.3.dylib in Copy Files */ = {isa = PBXBuildFile; fileRef = BD34960621AF409700F4C000 /* libglfw.3.3.dylib */; settings = {ATTRIBUTES = (CodeSignOnCopy, ); }; };
		BD426EC120656C1600EE7ACA /* model.cc in Sources */ = {isa = PBXBuildFile; fileRef = BD426EC020656C1600EE7ACA /* model.cc */; };
		BD46AA81206FC6FD0042A0C0 /* loader.cc in Sources */ = {isa = PBXBuildFile; fileRef = BD46AA7F206FC6FD0042A0C0 /* loader.cc */; };
		BD4F031F2053076200758FD3 /* shader.cc in Sources */ = {isa = PBXBuildFile; fileRef = BD4F031E2053076200758FD3 /* shader.cc */; };
		BD50D04220824374004F2734 /* libfreetype.6.dylib in Copy Files */ = {isa = PBXBuildFile; fileRef = BD50D0402082436A004F2734 /* libfreetype.6.dylib */; settings = {ATTRIBUTES = (CodeSignOnCopy, ); }; };
		BD50D04320824374004F2734 /* libassimp.4.1.0.dylib in Copy Files */ = {isa = PBXBuildFile; fileRef = BD9042722065C7EE00827029 /* libassimp.4.1.0.dylib */; settings = {ATTRIBUTES = (CodeSignOnCopy, ); }; };
		BD5B70D42063F4C1001CFEF8 /* mesh.cc in Sources */ = {isa = PBXBuildFile; fileRef = BD5B70D32063F4C1001CFEF8 /* mesh.cc */; };
		BD7DDDB22050659D00DA8EFF /* OpenGL.framework in Frameworks */ = {isa = PBXBuildFile; fileRef = BD7DDDB12050659D00DA8EFF /* OpenGL.framework */; };
		BD7DDDC620506B0300DA8EFF /* main.cpp in Sources */ = {isa = PBXBuildFile; fileRef = BD7DDDBF20506B0300DA8EFF /* main.cpp */; };
		BD7FB1322227B07900D495CE /* shader_lamp.vs in Copy Files */ = {isa = PBXBuildFile; fileRef = BDB5A5C72073EC57004E7E1C /* shader_lamp.vs */; };
		BD7FB1332227B07900D495CE /* shader_lamp.fs in Copy Files */ = {isa = PBXBuildFile; fileRef = BDB5A5C82073EC58004E7E1C /* shader_lamp.fs */; };
		BD7FB1342227B07900D495CE /* shader_glass.vs in Copy Files */ = {isa = PBXBuildFile; fileRef = BD5E920B206DBADB00635CBC /* shader_glass.vs */; };
		BD7FB1352227B07900D495CE /* shader_glass.fs in Copy Files */ = {isa = PBXBuildFile; fileRef = BD5E920C206DBAE500635CBC /* shader_glass.fs */; };
		BD7FB1362227B07900D495CE /* shader_object.vs in Copy Files */ = {isa = PBXBuildFile; fileRef = BD617C81205BDC9200DBBAAA /* shader_object.vs */; };
		BD7FB1372227B07900D495CE /* shader_object.gs in Copy Files */ = {isa = PBXBuildFile; fileRef = BDE759B6207146C400FABBB5 /* shader_object.gs */; };
		BD7FB1382227B07900D495CE /* shader_object.fs in Copy Files */ = {isa = PBXBuildFile; fileRef = BD617C82205BDCA200DBBAAA /* shader_object.fs */; };
		BD7FB1392227B07900D495CE /* shader_screen.vs in Copy Files */ = {isa = PBXBuildFile; fileRef = BD349940206EA4F900429E58 /* shader_screen.vs */; };
		BD7FB13A2227B07900D495CE /* shader_screen.fs in Copy Files */ = {isa = PBXBuildFile; fileRef = BD349941206EA50100429E58 /* shader_screen.fs */; };
		BD7FB13B2227B07900D495CE /* shader_hdr.fs in Copy Files */ = {isa = PBXBuildFile; fileRef = BD09F3CC20F5CF590080BEA1 /* shader_hdr.fs */; };
		BD7FB13C2227B07900D495CE /* shader_blend.fs in Copy Files */ = {isa = PBXBuildFile; fileRef = BD180FB920F7068D00BA60F7 /* shader_blend.fs */; };
		BD7FB13D2227B07900D495CE /* shader_gaussian.fs in Copy Files */ = {isa = PBXBuildFile; fileRef = BD180FB820F6F64000BA60F7 /* shader_gaussian.fs */; };
		BD7FB13E2227B07900D495CE /* shader_skybox.vs in Copy Files */ = {isa = PBXBuildFile; fileRef = BD145FB9206F373B0068A587 /* shader_skybox.vs */; };
		BD7FB13F2227B07900D495CE /* shader_skybox.fs in Copy Files */ = {isa = PBXBuildFile; fileRef = BD145FBA206F37460068A587 /* shader_skybox.fs */; };
		BD7FB1402227B07900D495CE /* shader_planet.vs in Copy Files */ = {isa = PBXBuildFile; fileRef = BD3ED7CA207270960052CD5F /* shader_planet.vs */; };
		BD7FB1412227B07900D495CE /* shader_planet.fs in Copy Files */ = {isa = PBXBuildFile; fileRef = BD3ED7CB207270A00052CD5F /* shader_planet.fs */; };
		BD7FB1422227B07900D495CE /* shader_asteroid.vs in Copy Files */ = {isa = PBXBuildFile; fileRef = BD3ED7C8207267020052CD5F /* shader_asteroid.vs */; };
		BD7FB1432227B07900D495CE /* shader_unishadow.vs in Copy Files */ = {isa = PBXBuildFile; fileRef = BDB5A5C52073E6E0004E7E1C /* shader_unishadow.vs */; };
		BD7FB1442227B07900D495CE /* shader_unishadow.fs in Copy Files */ = {isa = PBXBuildFile; fileRef = BDB5A5C62073E6EA004E7E1C /* shader_unishadow.fs */; };
		BD7FB1452227B07900D495CE /* shader_omnishadow.vs in Copy Files */ = {isa = PBXBuildFile; fileRef = BDB5A5C92076AD0A004E7E1C /* shader_omnishadow.vs */; };
		BD7FB1462227B07900D495CE /* shader_omnishadow.gs in Copy Files */ = {isa = PBXBuildFile; fileRef = BDB5A5CA2076AD19004E7E1C /* shader_omnishadow.gs */; };
		BD7FB1472227B07900D495CE /* shader_omnishadow.fs in Copy Files */ = {isa = PBXBuildFile; fileRef = BDB5A5CB2076AD29004E7E1C /* shader_omnishadow.fs */; };
		BD7FB1482227B07900D495CE /* shader_text.vs in Copy Files */ = {isa = PBXBuildFile; fileRef = BD0117E92084219600069899 /* shader_text.vs */; };
		BD7FB1492227B07900D495CE /* shader_text.fs in Copy Files */ = {isa = PBXBuildFile; fileRef = BD0117EA2084219F00069899 /* shader_text.fs */; };
		BD915570207866A600D7C7DF /* glad.c in Sources */ = {isa = PBXBuildFile; fileRef = BD91556F207866A600D7C7DF /* glad.c */; };
		BD9252502058B89100F6779C /* camera.cc in Sources */ = {isa = PBXBuildFile; fileRef = BD92524F2058B89100F6779C /* camera.cc */; };
		BD9252532058C76500F6779C /* render.cc in Sources */ = {isa = PBXBuildFile; fileRef = BD9252522058C76500F6779C /* render.cc */; };
		BDA56D7E21ADA0F700A4B992 /* libassimp.4.1.0.dylib in Frameworks */ = {isa = PBXBuildFile; fileRef = BD9042722065C7EE00827029 /* libassimp.4.1.0.dylib */; };
		BDA56D7F21ADA0F700A4B992 /* libfreetype.6.dylib in Frameworks */ = {isa = PBXBuildFile; fileRef = BD50D0402082436A004F2734 /* libfreetype.6.dylib */; };
		BDB5A5C42073D71F004E7E1C /* shadow.cc in Sources */ = {isa = PBXBuildFile; fileRef = BDB5A5C22073D71F004E7E1C /* shadow.cc */; };
/* End PBXBuildFile section */

/* Begin PBXCopyFilesBuildPhase section */
		BD7DDDA420505BC600DA8EFF /* Copy Files */ = {
			isa = PBXCopyFilesBuildPhase;
			buildActionMask = 12;
			dstPath = "";
			dstSubfolderSpec = 7;
			files = (
				BD7FB1322227B07900D495CE /* shader_lamp.vs in Copy Files */,
				BD7FB1332227B07900D495CE /* shader_lamp.fs in Copy Files */,
				BD7FB1342227B07900D495CE /* shader_glass.vs in Copy Files */,
				BD7FB1352227B07900D495CE /* shader_glass.fs in Copy Files */,
				BD7FB1362227B07900D495CE /* shader_object.vs in Copy Files */,
				BD7FB1372227B07900D495CE /* shader_object.gs in Copy Files */,
				BD7FB1382227B07900D495CE /* shader_object.fs in Copy Files */,
				BD7FB1392227B07900D495CE /* shader_screen.vs in Copy Files */,
				BD7FB13A2227B07900D495CE /* shader_screen.fs in Copy Files */,
				BD7FB13B2227B07900D495CE /* shader_hdr.fs in Copy Files */,
				BD7FB13C2227B07900D495CE /* shader_blend.fs in Copy Files */,
				BD7FB13D2227B07900D495CE /* shader_gaussian.fs in Copy Files */,
				BD7FB13E2227B07900D495CE /* shader_skybox.vs in Copy Files */,
				BD7FB13F2227B07900D495CE /* shader_skybox.fs in Copy Files */,
				BD7FB1402227B07900D495CE /* shader_planet.vs in Copy Files */,
				BD7FB1412227B07900D495CE /* shader_planet.fs in Copy Files */,
				BD7FB1422227B07900D495CE /* shader_asteroid.vs in Copy Files */,
				BD7FB1432227B07900D495CE /* shader_unishadow.vs in Copy Files */,
				BD7FB1442227B07900D495CE /* shader_unishadow.fs in Copy Files */,
				BD7FB1452227B07900D495CE /* shader_omnishadow.vs in Copy Files */,
				BD7FB1462227B07900D495CE /* shader_omnishadow.gs in Copy Files */,
				BD7FB1472227B07900D495CE /* shader_omnishadow.fs in Copy Files */,
				BD7FB1482227B07900D495CE /* shader_text.vs in Copy Files */,
				BD7FB1492227B07900D495CE /* shader_text.fs in Copy Files */,
				BD34960821AF40A300F4C000 /* libglfw.3.3.dylib in Copy Files */,
				BD50D04220824374004F2734 /* libfreetype.6.dylib in Copy Files */,
				BD50D04320824374004F2734 /* libassimp.4.1.0.dylib in Copy Files */,
			);
			name = "Copy Files";
			runOnlyForDeploymentPostprocessing = 0;
		};
/* End PBXCopyFilesBuildPhase section */

/* Begin PBXFileReference section */
		BD0117E92084219600069899 /* shader_text.vs */ = {isa = PBXFileReference; lastKnownFileType = sourcecode.glsl; path = shader_text.vs; sourceTree = "<group>"; };
		BD0117EA2084219F00069899 /* shader_text.fs */ = {isa = PBXFileReference; lastKnownFileType = sourcecode.glsl; path = shader_text.fs; sourceTree = "<group>"; };
		BD0117EB20842DF700069899 /* text.cc */ = {isa = PBXFileReference; lastKnownFileType = sourcecode.cpp.cpp; path = text.cc; sourceTree = "<group>"; };
		BD0117EC20842DF700069899 /* text.h */ = {isa = PBXFileReference; lastKnownFileType = sourcecode.c.h; path = text.h; sourceTree = "<group>"; };
		BD09F3CC20F5CF590080BEA1 /* shader_hdr.fs */ = {isa = PBXFileReference; lastKnownFileType = sourcecode.glsl; path = shader_hdr.fs; sourceTree = "<group>"; };
		BD145FB9206F373B0068A587 /* shader_skybox.vs */ = {isa = PBXFileReference; lastKnownFileType = sourcecode.glsl; path = shader_skybox.vs; sourceTree = "<group>"; };
		BD145FBA206F37460068A587 /* shader_skybox.fs */ = {isa = PBXFileReference; lastKnownFileType = sourcecode.glsl; path = shader_skybox.fs; sourceTree = "<group>"; };
		BD180FB820F6F64000BA60F7 /* shader_gaussian.fs */ = {isa = PBXFileReference; lastKnownFileType = sourcecode.glsl; path = shader_gaussian.fs; sourceTree = "<group>"; };
		BD180FB920F7068D00BA60F7 /* shader_blend.fs */ = {isa = PBXFileReference; lastKnownFileType = sourcecode.glsl; path = shader_blend.fs; sourceTree = "<group>"; };
		BD34960621AF409700F4C000 /* libglfw.3.3.dylib */ = {isa = PBXFileReference; lastKnownFileType = "compiled.mach-o.dylib"; name = libglfw.3.3.dylib; path = "../../../../../usr/local/Cellar/glfw/HEAD-bb2ca1d/lib/libglfw.3.3.dylib"; sourceTree = "<group>"; };
		BD349940206EA4F900429E58 /* shader_screen.vs */ = {isa = PBXFileReference; lastKnownFileType = sourcecode.glsl; path = shader_screen.vs; sourceTree = "<group>"; };
		BD349941206EA50100429E58 /* shader_screen.fs */ = {isa = PBXFileReference; lastKnownFileType = sourcecode.glsl; path = shader_screen.fs; sourceTree = "<group>"; };
		BD3ED7C8207267020052CD5F /* shader_asteroid.vs */ = {isa = PBXFileReference; lastKnownFileType = sourcecode.glsl; path = shader_asteroid.vs; sourceTree = "<group>"; };
		BD3ED7CA207270960052CD5F /* shader_planet.vs */ = {isa = PBXFileReference; lastKnownFileType = sourcecode.glsl; path = shader_planet.vs; sourceTree = "<group>"; };
		BD3ED7CB207270A00052CD5F /* shader_planet.fs */ = {isa = PBXFileReference; lastKnownFileType = sourcecode.glsl; path = shader_planet.fs; sourceTree = "<group>"; };
		BD426EBF20656C0500EE7ACA /* model.h */ = {isa = PBXFileReference; lastKnownFileType = sourcecode.c.h; path = model.h; sourceTree = "<group>"; };
		BD426EC020656C1600EE7ACA /* model.cc */ = {isa = PBXFileReference; lastKnownFileType = sourcecode.cpp.cpp; path = model.cc; sourceTree = "<group>"; };
		BD46AA7F206FC6FD0042A0C0 /* loader.cc */ = {isa = PBXFileReference; lastKnownFileType = sourcecode.cpp.cpp; path = loader.cc; sourceTree = "<group>"; };
		BD46AA80206FC6FD0042A0C0 /* loader.h */ = {isa = PBXFileReference; lastKnownFileType = sourcecode.c.h; path = loader.h; sourceTree = "<group>"; };
		BD4F031E2053076200758FD3 /* shader.cc */ = {isa = PBXFileReference; lastKnownFileType = sourcecode.cpp.cpp; path = shader.cc; sourceTree = "<group>"; };
		BD4F03202053077500758FD3 /* shader.h */ = {isa = PBXFileReference; lastKnownFileType = sourcecode.c.h; path = shader.h; sourceTree = "<group>"; };
		BD50D0402082436A004F2734 /* libfreetype.6.dylib */ = {isa = PBXFileReference; lastKnownFileType = "compiled.mach-o.dylib"; name = libfreetype.6.dylib; path = ../../../../../usr/local/Cellar/freetype/2.9/lib/libfreetype.6.dylib; sourceTree = "<group>"; };
		BD5B70D22063F4A9001CFEF8 /* mesh.h */ = {isa = PBXFileReference; lastKnownFileType = sourcecode.c.h; path = mesh.h; sourceTree = "<group>"; };
		BD5B70D32063F4C1001CFEF8 /* mesh.cc */ = {isa = PBXFileReference; lastKnownFileType = sourcecode.cpp.cpp; path = mesh.cc; sourceTree = "<group>"; };
		BD5E920B206DBADB00635CBC /* shader_glass.vs */ = {isa = PBXFileReference; lastKnownFileType = sourcecode.glsl; path = shader_glass.vs; sourceTree = "<group>"; };
		BD5E920C206DBAE500635CBC /* shader_glass.fs */ = {isa = PBXFileReference; lastKnownFileType = sourcecode.glsl; path = shader_glass.fs; sourceTree = "<group>"; };
		BD617C81205BDC9200DBBAAA /* shader_object.vs */ = {isa = PBXFileReference; lastKnownFileType = sourcecode.glsl; path = shader_object.vs; sourceTree = "<group>"; };
		BD617C82205BDCA200DBBAAA /* shader_object.fs */ = {isa = PBXFileReference; lastKnownFileType = sourcecode.glsl; path = shader_object.fs; sourceTree = "<group>"; };
		BD7DDDA620505BC700DA8EFF /* LearnOpenGL */ = {isa = PBXFileReference; explicitFileType = "compiled.mach-o.executable"; includeInIndex = 0; path = LearnOpenGL; sourceTree = BUILT_PRODUCTS_DIR; };
		BD7DDDB12050659D00DA8EFF /* OpenGL.framework */ = {isa = PBXFileReference; lastKnownFileType = wrapper.framework; name = OpenGL.framework; path = System/Library/Frameworks/OpenGL.framework; sourceTree = SDKROOT; };
		BD7DDDBF20506B0300DA8EFF /* main.cpp */ = {isa = PBXFileReference; fileEncoding = 4; lastKnownFileType = sourcecode.cpp.cpp; path = main.cpp; sourceTree = "<group>"; };
		BD9042722065C7EE00827029 /* libassimp.4.1.0.dylib */ = {isa = PBXFileReference; lastKnownFileType = "compiled.mach-o.dylib"; name = libassimp.4.1.0.dylib; path = ../../../../../usr/local/Cellar/assimp/4.1.0/lib/libassimp.4.1.0.dylib; sourceTree = "<group>"; };
		BD91556B207866A600D7C7DF /* khrplatform.h */ = {isa = PBXFileReference; fileEncoding = 4; lastKnownFileType = sourcecode.c.h; path = khrplatform.h; sourceTree = "<group>"; };
		BD91556D207866A600D7C7DF /* glad.h */ = {isa = PBXFileReference; fileEncoding = 4; lastKnownFileType = sourcecode.c.h; path = glad.h; sourceTree = "<group>"; };
		BD91556F207866A600D7C7DF /* glad.c */ = {isa = PBXFileReference; fileEncoding = 4; lastKnownFileType = sourcecode.c.c; path = glad.c; sourceTree = "<group>"; };
		BD92524E2058B85400F6779C /* camera.h */ = {isa = PBXFileReference; lastKnownFileType = sourcecode.c.h; path = camera.h; sourceTree = "<group>"; };
		BD92524F2058B89100F6779C /* camera.cc */ = {isa = PBXFileReference; lastKnownFileType = sourcecode.cpp.cpp; path = camera.cc; sourceTree = "<group>"; };
		BD9252512058C6A300F6779C /* render.h */ = {isa = PBXFileReference; lastKnownFileType = sourcecode.c.h; path = render.h; sourceTree = "<group>"; };
		BD9252522058C76500F6779C /* render.cc */ = {isa = PBXFileReference; lastKnownFileType = sourcecode.cpp.cpp; path = render.cc; sourceTree = "<group>"; };
		BDB5A5C22073D71F004E7E1C /* shadow.cc */ = {isa = PBXFileReference; lastKnownFileType = sourcecode.cpp.cpp; path = shadow.cc; sourceTree = "<group>"; };
		BDB5A5C32073D71F004E7E1C /* shadow.h */ = {isa = PBXFileReference; lastKnownFileType = sourcecode.c.h; path = shadow.h; sourceTree = "<group>"; };
		BDB5A5C52073E6E0004E7E1C /* shader_unishadow.vs */ = {isa = PBXFileReference; lastKnownFileType = sourcecode.glsl; path = shader_unishadow.vs; sourceTree = "<group>"; };
		BDB5A5C62073E6EA004E7E1C /* shader_unishadow.fs */ = {isa = PBXFileReference; lastKnownFileType = sourcecode.glsl; path = shader_unishadow.fs; sourceTree = "<group>"; };
		BDB5A5C72073EC57004E7E1C /* shader_lamp.vs */ = {isa = PBXFileReference; fileEncoding = 4; lastKnownFileType = sourcecode.glsl; path = shader_lamp.vs; sourceTree = "<group>"; };
		BDB5A5C82073EC58004E7E1C /* shader_lamp.fs */ = {isa = PBXFileReference; fileEncoding = 4; lastKnownFileType = sourcecode.glsl; path = shader_lamp.fs; sourceTree = "<group>"; };
		BDB5A5C92076AD0A004E7E1C /* shader_omnishadow.vs */ = {isa = PBXFileReference; lastKnownFileType = sourcecode.glsl; path = shader_omnishadow.vs; sourceTree = "<group>"; };
		BDB5A5CA2076AD19004E7E1C /* shader_omnishadow.gs */ = {isa = PBXFileReference; lastKnownFileType = sourcecode.glsl; path = shader_omnishadow.gs; sourceTree = "<group>"; };
		BDB5A5CB2076AD29004E7E1C /* shader_omnishadow.fs */ = {isa = PBXFileReference; lastKnownFileType = sourcecode.glsl; path = shader_omnishadow.fs; sourceTree = "<group>"; };
		BDE759B6207146C400FABBB5 /* shader_object.gs */ = {isa = PBXFileReference; lastKnownFileType = sourcecode.glsl; path = shader_object.gs; sourceTree = "<group>"; };
/* End PBXFileReference section */

/* Begin PBXFrameworksBuildPhase section */
		BD7DDDA320505BC600DA8EFF /* Frameworks */ = {
			isa = PBXFrameworksBuildPhase;
			buildActionMask = 2147483647;
			files = (
				BD34960721AF409700F4C000 /* libglfw.3.3.dylib in Frameworks */,
				BDA56D7E21ADA0F700A4B992 /* libassimp.4.1.0.dylib in Frameworks */,
				BDA56D7F21ADA0F700A4B992 /* libfreetype.6.dylib in Frameworks */,
				BD7DDDB22050659D00DA8EFF /* OpenGL.framework in Frameworks */,
			);
			runOnlyForDeploymentPostprocessing = 0;
		};
/* End PBXFrameworksBuildPhase section */

/* Begin PBXGroup section */
		BD1922EF223489AF00E52A41 /* wrapper */ = {
			isa = PBXGroup;
			children = (
				BD92524F2058B89100F6779C /* camera.cc */,
				BD92524E2058B85400F6779C /* camera.h */,
				BD46AA7F206FC6FD0042A0C0 /* loader.cc */,
				BD46AA80206FC6FD0042A0C0 /* loader.h */,
				BD5B70D32063F4C1001CFEF8 /* mesh.cc */,
				BD5B70D22063F4A9001CFEF8 /* mesh.h */,
				BD426EC020656C1600EE7ACA /* model.cc */,
				BD426EBF20656C0500EE7ACA /* model.h */,
				BD4F031E2053076200758FD3 /* shader.cc */,
				BD4F03202053077500758FD3 /* shader.h */,
				BDB5A5C22073D71F004E7E1C /* shadow.cc */,
				BDB5A5C32073D71F004E7E1C /* shadow.h */,
				BD0117EB20842DF700069899 /* text.cc */,
				BD0117EC20842DF700069899 /* text.h */,
			);
			path = wrapper;
			sourceTree = "<group>";
		};
		BD7DDD9D20505BC600DA8EFF = {
			isa = PBXGroup;
			children = (
				BD7DDDA820505BC700DA8EFF /* LearnOpenGL */,
				BD7DDDA720505BC700DA8EFF /* Products */,
				BD7DDDB02050659D00DA8EFF /* Frameworks */,
			);
			sourceTree = "<group>";
		};
		BD7DDDA720505BC700DA8EFF /* Products */ = {
			isa = PBXGroup;
			children = (
				BD7DDDA620505BC700DA8EFF /* LearnOpenGL */,
			);
			name = Products;
			sourceTree = "<group>";
		};
		BD7DDDA820505BC700DA8EFF /* LearnOpenGL */ = {
			isa = PBXGroup;
			children = (
				BD7DDDBF20506B0300DA8EFF /* main.cpp */,
				BD9252522058C76500F6779C /* render.cc */,
				BD9252512058C6A300F6779C /* render.h */,
				BDA7AC7920598F560051122B /* lib */,
				BD849B602053AEA000393D9C /* shaders */,
				BD1922EF223489AF00E52A41 /* wrapper */,
			);
			path = LearnOpenGL;
			sourceTree = "<group>";
		};
		BD7DDDB02050659D00DA8EFF /* Frameworks */ = {
			isa = PBXGroup;
			children = (
				BD34960621AF409700F4C000 /* libglfw.3.3.dylib */,
				BD50D0402082436A004F2734 /* libfreetype.6.dylib */,
				BD9042722065C7EE00827029 /* libassimp.4.1.0.dylib */,
				BD7DDDB12050659D00DA8EFF /* OpenGL.framework */,
			);
			name = Frameworks;
			sourceTree = "<group>";
		};
		BD849B602053AEA000393D9C /* shaders */ = {
			isa = PBXGroup;
			children = (
				BDB5A5C72073EC57004E7E1C /* shader_lamp.vs */,
				BDB5A5C82073EC58004E7E1C /* shader_lamp.fs */,
				BD5E920B206DBADB00635CBC /* shader_glass.vs */,
				BD5E920C206DBAE500635CBC /* shader_glass.fs */,
				BD617C81205BDC9200DBBAAA /* shader_object.vs */,
				BDE759B6207146C400FABBB5 /* shader_object.gs */,
				BD617C82205BDCA200DBBAAA /* shader_object.fs */,
				BD349940206EA4F900429E58 /* shader_screen.vs */,
				BD349941206EA50100429E58 /* shader_screen.fs */,
				BD09F3CC20F5CF590080BEA1 /* shader_hdr.fs */,
				BD180FB920F7068D00BA60F7 /* shader_blend.fs */,
				BD180FB820F6F64000BA60F7 /* shader_gaussian.fs */,
				BD145FB9206F373B0068A587 /* shader_skybox.vs */,
				BD145FBA206F37460068A587 /* shader_skybox.fs */,
				BD3ED7CA207270960052CD5F /* shader_planet.vs */,
				BD3ED7CB207270A00052CD5F /* shader_planet.fs */,
				BD3ED7C8207267020052CD5F /* shader_asteroid.vs */,
				BDB5A5C52073E6E0004E7E1C /* shader_unishadow.vs */,
				BDB5A5C62073E6EA004E7E1C /* shader_unishadow.fs */,
				BDB5A5C92076AD0A004E7E1C /* shader_omnishadow.vs */,
				BDB5A5CA2076AD19004E7E1C /* shader_omnishadow.gs */,
				BDB5A5CB2076AD29004E7E1C /* shader_omnishadow.fs */,
				BD0117E92084219600069899 /* shader_text.vs */,
				BD0117EA2084219F00069899 /* shader_text.fs */,
			);
			path = shaders;
			sourceTree = "<group>";
		};
		BD915568207866A600D7C7DF /* glad */ = {
			isa = PBXGroup;
			children = (
				BD915569207866A600D7C7DF /* include */,
				BD91556E207866A600D7C7DF /* src */,
			);
			name = glad;
			path = ../../libs/glad;
			sourceTree = "<group>";
		};
		BD915569207866A600D7C7DF /* include */ = {
			isa = PBXGroup;
			children = (
				BD91556A207866A600D7C7DF /* KHR */,
				BD91556C207866A600D7C7DF /* glad */,
			);
			path = include;
			sourceTree = "<group>";
		};
		BD91556A207866A600D7C7DF /* KHR */ = {
			isa = PBXGroup;
			children = (
				BD91556B207866A600D7C7DF /* khrplatform.h */,
			);
			path = KHR;
			sourceTree = "<group>";
		};
		BD91556C207866A600D7C7DF /* glad */ = {
			isa = PBXGroup;
			children = (
				BD91556D207866A600D7C7DF /* glad.h */,
			);
			path = glad;
			sourceTree = "<group>";
		};
		BD91556E207866A600D7C7DF /* src */ = {
			isa = PBXGroup;
			children = (
				BD91556F207866A600D7C7DF /* glad.c */,
			);
			path = src;
			sourceTree = "<group>";
		};
		BDA7AC7920598F560051122B /* lib */ = {
			isa = PBXGroup;
			children = (
				BD915568207866A600D7C7DF /* glad */,
			);
			name = lib;
			sourceTree = "<group>";
		};
/* End PBXGroup section */

/* Begin PBXNativeTarget section */
		BD7DDDA520505BC600DA8EFF /* LearnOpenGL */ = {
			isa = PBXNativeTarget;
			buildConfigurationList = BD7DDDAD20505BC700DA8EFF /* Build configuration list for PBXNativeTarget "LearnOpenGL" */;
			buildPhases = (
				BD7DDDA220505BC600DA8EFF /* Sources */,
				BD7DDDA320505BC600DA8EFF /* Frameworks */,
				BD7DDDA420505BC600DA8EFF /* Copy Files */,
			);
			buildRules = (
			);
			dependencies = (
			);
			name = LearnOpenGL;
			productName = LearnOpenGL;
			productReference = BD7DDDA620505BC700DA8EFF /* LearnOpenGL */;
			productType = "com.apple.product-type.tool";
		};
/* End PBXNativeTarget section */

/* Begin PBXProject section */
		BD7DDD9E20505BC600DA8EFF /* Project object */ = {
			isa = PBXProject;
			attributes = {
				LastUpgradeCheck = 1010;
				ORGANIZATIONNAME = "Pujun Lun";
				TargetAttributes = {
					BD7DDDA520505BC600DA8EFF = {
						CreatedOnToolsVersion = 9.2;
						ProvisioningStyle = Automatic;
					};
				};
			};
			buildConfigurationList = BD7DDDA120505BC600DA8EFF /* Build configuration list for PBXProject "LearnOpenGL" */;
			compatibilityVersion = "Xcode 8.0";
			developmentRegion = en;
			hasScannedForEncodings = 0;
			knownRegions = (
				en,
			);
			mainGroup = BD7DDD9D20505BC600DA8EFF;
			productRefGroup = BD7DDDA720505BC700DA8EFF /* Products */;
			projectDirPath = "";
			projectRoot = "";
			targets = (
				BD7DDDA520505BC600DA8EFF /* LearnOpenGL */,
			);
		};
/* End PBXProject section */

/* Begin PBXSourcesBuildPhase section */
		BD7DDDA220505BC600DA8EFF /* Sources */ = {
			isa = PBXSourcesBuildPhase;
			buildActionMask = 2147483647;
			files = (
				BD426EC120656C1600EE7ACA /* model.cc in Sources */,
				BD9252502058B89100F6779C /* camera.cc in Sources */,
				BD5B70D42063F4C1001CFEF8 /* mesh.cc in Sources */,
				BD7DDDC620506B0300DA8EFF /* main.cpp in Sources */,
				BD46AA81206FC6FD0042A0C0 /* loader.cc in Sources */,
				BD4F031F2053076200758FD3 /* shader.cc in Sources */,
				BD9252532058C76500F6779C /* render.cc in Sources */,
				BDB5A5C42073D71F004E7E1C /* shadow.cc in Sources */,
				BD0117ED20842DF700069899 /* text.cc in Sources */,
				BD915570207866A600D7C7DF /* glad.c in Sources */,
			);
			runOnlyForDeploymentPostprocessing = 0;
		};
/* End PBXSourcesBuildPhase section */

/* Begin XCBuildConfiguration section */
		BD7DDDAB20505BC700DA8EFF /* Debug */ = {
			isa = XCBuildConfiguration;
			buildSettings = {
				ALWAYS_SEARCH_USER_PATHS = NO;
				CLANG_ANALYZER_NONNULL = YES;
				CLANG_ANALYZER_NUMBER_OBJECT_CONVERSION = YES_AGGRESSIVE;
				CLANG_CXX_LANGUAGE_STANDARD = "gnu++14";
				CLANG_CXX_LIBRARY = "libc++";
				CLANG_ENABLE_MODULES = YES;
				CLANG_ENABLE_OBJC_ARC = YES;
				CLANG_WARN_BLOCK_CAPTURE_AUTORELEASING = YES;
				CLANG_WARN_BOOL_CONVERSION = YES;
				CLANG_WARN_COMMA = YES;
				CLANG_WARN_CONSTANT_CONVERSION = YES;
				CLANG_WARN_DEPRECATED_OBJC_IMPLEMENTATIONS = YES;
				CLANG_WARN_DIRECT_OBJC_ISA_USAGE = YES_ERROR;
				CLANG_WARN_DOCUMENTATION_COMMENTS = YES;
				CLANG_WARN_EMPTY_BODY = YES;
				CLANG_WARN_ENUM_CONVERSION = YES;
				CLANG_WARN_INFINITE_RECURSION = YES;
				CLANG_WARN_INT_CONVERSION = YES;
				CLANG_WARN_NON_LITERAL_NULL_CONVERSION = YES;
				CLANG_WARN_OBJC_IMPLICIT_RETAIN_SELF = YES;
				CLANG_WARN_OBJC_LITERAL_CONVERSION = YES;
				CLANG_WARN_OBJC_ROOT_CLASS = YES_ERROR;
				CLANG_WARN_RANGE_LOOP_ANALYSIS = YES;
				CLANG_WARN_STRICT_PROTOTYPES = YES;
				CLANG_WARN_SUSPICIOUS_MOVE = YES;
				CLANG_WARN_UNGUARDED_AVAILABILITY = YES_AGGRESSIVE;
				CLANG_WARN_UNREACHABLE_CODE = YES;
				CLANG_WARN__DUPLICATE_METHOD_MATCH = YES;
				CODE_SIGN_IDENTITY = "Mac Developer";
				COPY_PHASE_STRIP = NO;
				DEBUG_INFORMATION_FORMAT = dwarf;
				ENABLE_STRICT_OBJC_MSGSEND = YES;
				ENABLE_TESTABILITY = YES;
				GCC_C_LANGUAGE_STANDARD = gnu11;
				GCC_DYNAMIC_NO_PIC = NO;
				GCC_NO_COMMON_BLOCKS = YES;
				GCC_OPTIMIZATION_LEVEL = 0;
				GCC_PREPROCESSOR_DEFINITIONS = (
					"DEBUG=1",
					"$(inherited)",
				);
				GCC_WARN_64_TO_32_BIT_CONVERSION = YES;
				GCC_WARN_ABOUT_RETURN_TYPE = YES_ERROR;
				GCC_WARN_UNDECLARED_SELECTOR = YES;
				GCC_WARN_UNINITIALIZED_AUTOS = YES_AGGRESSIVE;
				GCC_WARN_UNUSED_FUNCTION = YES;
				GCC_WARN_UNUSED_VARIABLE = YES;
				MACOSX_DEPLOYMENT_TARGET = 10.14;
				MTL_ENABLE_DEBUG_INFO = YES;
				ONLY_ACTIVE_ARCH = YES;
				SDKROOT = macosx;
			};
			name = Debug;
		};
		BD7DDDAC20505BC700DA8EFF /* Release */ = {
			isa = XCBuildConfiguration;
			buildSettings = {
				ALWAYS_SEARCH_USER_PATHS = NO;
				CLANG_ANALYZER_NONNULL = YES;
				CLANG_ANALYZER_NUMBER_OBJECT_CONVERSION = YES_AGGRESSIVE;
				CLANG_CXX_LANGUAGE_STANDARD = "gnu++14";
				CLANG_CXX_LIBRARY = "libc++";
				CLANG_ENABLE_MODULES = YES;
				CLANG_ENABLE_OBJC_ARC = YES;
				CLANG_WARN_BLOCK_CAPTURE_AUTORELEASING = YES;
				CLANG_WARN_BOOL_CONVERSION = YES;
				CLANG_WARN_COMMA = YES;
				CLANG_WARN_CONSTANT_CONVERSION = YES;
				CLANG_WARN_DEPRECATED_OBJC_IMPLEMENTATIONS = YES;
				CLANG_WARN_DIRECT_OBJC_ISA_USAGE = YES_ERROR;
				CLANG_WARN_DOCUMENTATION_COMMENTS = YES;
				CLANG_WARN_EMPTY_BODY = YES;
				CLANG_WARN_ENUM_CONVERSION = YES;
				CLANG_WARN_INFINITE_RECURSION = YES;
				CLANG_WARN_INT_CONVERSION = YES;
				CLANG_WARN_NON_LITERAL_NULL_CONVERSION = YES;
				CLANG_WARN_OBJC_IMPLICIT_RETAIN_SELF = YES;
				CLANG_WARN_OBJC_LITERAL_CONVERSION = YES;
				CLANG_WARN_OBJC_ROOT_CLASS = YES_ERROR;
				CLANG_WARN_RANGE_LOOP_ANALYSIS = YES;
				CLANG_WARN_STRICT_PROTOTYPES = YES;
				CLANG_WARN_SUSPICIOUS_MOVE = YES;
				CLANG_WARN_UNGUARDED_AVAILABILITY = YES_AGGRESSIVE;
				CLANG_WARN_UNREACHABLE_CODE = YES;
				CLANG_WARN__DUPLICATE_METHOD_MATCH = YES;
				CODE_SIGN_IDENTITY = "Mac Developer";
				COPY_PHASE_STRIP = NO;
				DEBUG_INFORMATION_FORMAT = "dwarf-with-dsym";
				ENABLE_NS_ASSERTIONS = NO;
				ENABLE_STRICT_OBJC_MSGSEND = YES;
				GCC_C_LANGUAGE_STANDARD = gnu11;
				GCC_NO_COMMON_BLOCKS = YES;
				GCC_WARN_64_TO_32_BIT_CONVERSION = YES;
				GCC_WARN_ABOUT_RETURN_TYPE = YES_ERROR;
				GCC_WARN_UNDECLARED_SELECTOR = YES;
				GCC_WARN_UNINITIALIZED_AUTOS = YES_AGGRESSIVE;
				GCC_WARN_UNUSED_FUNCTION = YES;
				GCC_WARN_UNUSED_VARIABLE = YES;
				MACOSX_DEPLOYMENT_TARGET = 10.14;
				MTL_ENABLE_DEBUG_INFO = NO;
				SDKROOT = macosx;
			};
			name = Release;
		};
		BD7DDDAE20505BC700DA8EFF /* Debug */ = {
			isa = XCBuildConfiguration;
			buildSettings = {
				CLANG_CXX_LIBRARY = "libc++";
				CODE_SIGN_STYLE = Automatic;
				DEVELOPMENT_TEAM = DXJ7AC4744;
				HEADER_SEARCH_PATHS = "";
				LIBRARY_SEARCH_PATHS = (
					/usr/local/lib,
					/usr/local/Cellar/assimp/4.1.0/lib,
					/usr/local/Cellar/freetype/2.9/lib,
					"/usr/local/Cellar/glfw/HEAD-bb2ca1d/lib",
				);
				PRODUCT_NAME = "$(TARGET_NAME)";
				SYSTEM_HEADER_SEARCH_PATHS = "/Users/lun/Desktop/Code/libs /Users/lun/Desktop/Code/libs/glad/include /usr/local/include /usr/local/Cellar/freetype/2.9/include/freetype2";
			};
			name = Debug;
		};
		BD7DDDAF20505BC700DA8EFF /* Release */ = {
			isa = XCBuildConfiguration;
			buildSettings = {
				CLANG_CXX_LIBRARY = "libc++";
				CODE_SIGN_STYLE = Automatic;
				DEVELOPMENT_TEAM = DXJ7AC4744;
				HEADER_SEARCH_PATHS = "";
				LIBRARY_SEARCH_PATHS = (
					/usr/local/lib,
					/usr/local/Cellar/assimp/4.1.0/lib,
					/usr/local/Cellar/freetype/2.9/lib,
					"/usr/local/Cellar/glfw/HEAD-bb2ca1d/lib",
				);
				PRODUCT_NAME = "$(TARGET_NAME)";
				SYSTEM_HEADER_SEARCH_PATHS = "/Users/lun/Desktop/Code/libs /Users/lun/Desktop/Code/libs/glad/include /usr/local/include /usr/local/Cellar/freetype/2.9/include/freetype2";
			};
			name = Release;
		};
/* End XCBuildConfiguration section */

/* Begin XCConfigurationList section */
		BD7DDDA120505BC600DA8EFF /* Build configuration list for PBXProject "LearnOpenGL" */ = {
			isa = XCConfigurationList;
			buildConfigurations = (
				BD7DDDAB20505BC700DA8EFF /* Debug */,
				BD7DDDAC20505BC700DA8EFF /* Release */,
			);
			defaultConfigurationIsVisible = 0;
			defaultConfigurationName = Release;
		};
		BD7DDDAD20505BC700DA8EFF /* Build configuration list for PBXNativeTarget "LearnOpenGL" */ = {
			isa = XCConfigurationList;
			buildConfigurations = (
				BD7DDDAE20505BC700DA8EFF /* Debug */,
				BD7DDDAF20505BC700DA8EFF /* Release */,
			);
			defaultConfigurationIsVisible = 0;
			defaultConfigurationName = Release;
		};
/* End XCConfigurationList section */
	};
	rootObject = BD7DDD9E20505BC600DA8EFF /* Project object */;
}
